
Microsoft Visual Studio Solution File, Format Version 12.00
# Visual Studio Version 16
VisualStudioVersion = 16.0.31729.503
MinimumVisualStudioVersion = 10.0.40219.1
Project("{8BC9CEB8-8B4A-11D0-8D11-00A0C91BC942}") = "15강_그래프의 개념과 구현", "15강_그래프의 개념과 구현.vcxproj", "{E17C9C7E-4AD8-44FF-BC18-D59391A85370}"
EndProject
Global
	GlobalSection(SolutionConfigurationPlatforms) = preSolution
		Debug|x64 = Debug|x64
		Debug|x86 = Debug|x86
		Release|x64 = Release|x64
		Release|x86 = Release|x86
	EndGlobalSection
	GlobalSection(ProjectConfigurationPlatforms) = postSolution
		{E17C9C7E-4AD8-44FF-BC18-D59391A85370}.Debug|x64.ActiveCfg = Debug|x64
		{E17C9C7E-4AD8-44FF-BC18-D59391A85370}.Debug|x64.Build.0 = Debug|x64
		{E17C9C7E-4AD8-44FF-BC18-D59391A85370}.Debug|x86.ActiveCfg = Debug|Win32
		{E17C9C7E-4AD8-44FF-BC18-D59391A85370}.Debug|x86.Build.0 = Debug|Win32
		{E17C9C7E-4AD8-44FF-BC18-D59391A85370}.Release|x64.ActiveCfg = Release|x64
		{E17C9C7E-4AD8-44FF-BC18-D59391A85370}.Release|x64.Build.0 = Release|x64
		{E17C9C7E-4AD8-44FF-BC18-D59391A85370}.Release|x86.ActiveCfg = Release|Win32
		{E17C9C7E-4AD8-44FF-BC18-D59391A85370}.Release|x86.Build.0 = Release|Win32
	EndGlobalSection
	GlobalSection(SolutionProperties) = preSolution
		HideSolutionNode = FALSE
	EndGlobalSection
	GlobalSection(ExtensibilityGlobals) = postSolution
		SolutionGuid = {4D327605-ACDF-43AF-9807-7A6E1632522A}
	EndGlobalSection
EndGlobal
